
Microsoft Visual Studio Solution File, Format Version 12.00
# Visual Studio 15
VisualStudioVersion = 15.0.28010.2050
MinimumVisualStudioVersion = 10.0.40219.1
Project("{FAE04EC0-301F-11D3-BF4B-00C04F79EFBC}") = "PathGrad_v4(web)", "PathGrad_v4(web)\PathGrad_v4(web).csproj", "{03E22382-231F-44AF-9C60-7C8B7262AB01}"
EndProject
Global
	GlobalSection(SolutionConfigurationPlatforms) = preSolution
		Debug|Any CPU = Debug|Any CPU
		Release|Any CPU = Release|Any CPU
	EndGlobalSection
	GlobalSection(ProjectConfigurationPlatforms) = postSolution
		{03E22382-231F-44AF-9C60-7C8B7262AB01}.Debug|Any CPU.ActiveCfg = Debug|Any CPU
		{03E22382-231F-44AF-9C60-7C8B7262AB01}.Debug|Any CPU.Build.0 = Debug|Any CPU
		{03E22382-231F-44AF-9C60-7C8B7262AB01}.Release|Any CPU.ActiveCfg = Release|Any CPU
		{03E22382-231F-44AF-9C60-7C8B7262AB01}.Release|Any CPU.Build.0 = Release|Any CPU
	EndGlobalSection
	GlobalSection(SolutionProperties) = preSolution
		HideSolutionNode = FALSE
	EndGlobalSection
	GlobalSection(ExtensibilityGlobals) = postSolution
		SolutionGuid = {4BDC1513-A538-4C97-A890-896B0EE2F80C}
	EndGlobalSection
EndGlobal
